{
    "_readme": [
        "This file locks the dependencies of your project to a known state",
        "Read more about it at https://getcomposer.org/doc/01-basic-usage.md#composer-lock-the-lock-file",
        "This file is @generated automatically"
    ],
    "hash": "e90ac4ac05ff604362a722133d9b5f78",
    "content-hash": "e4ad8671f254e9a8ee23a72c92cb2bb3",
    "packages": [
        {
            "name": "endroid/qrcode",
            "version": "1.7.3",
            "source": {
                "type": "git",
                "url": "https://github.com/endroid/QrCode.git",
                "reference": "af9b4f307701e18de9fc4341b06080afb363c14e"
            },
            "dist": {
                "type": "zip",
                "url": "https://packagist.phpcomposer.com/files/endroid/QrCode/af9b4f307701e18de9fc4341b06080afb363c14e.zip",
                "reference": "af9b4f307701e18de9fc4341b06080afb363c14e",
                "shasum": ""
            },
            "require": {
                "ext-gd": "*",
                "php": ">=5.3.0",
                "symfony/options-resolver": "^2.3|^3.0"
            },
            "type": "library",
            "extra": {
                "branch-alias": {
                    "dev-master": "1.x-dev"
                }
            },
            "autoload": {
                "psr-4": {
                    "Endroid\\QrCode\\": "src/"
                }
            },
            "notification-url": "https://packagist.org/downloads/",
            "license": [
                "MIT"
            ],
            "authors": [
                {
                    "name": "Jeroen van den Enden",
                    "email": "info@endroid.nl",
                    "homepage": "http://endroid.nl/"
                }
            ],
            "description": "Endroid QR Code",
            "homepage": "https://github.com/endroid/QrCode",
            "keywords": [
                "code",
                "endroid",
                "qr",
                "qrcode"
            ],
            "time": "2016-06-25 14:53:44"
        },
        {
            "name": "gregwar/captcha",
            "version": "v1.1.1",
            "source": {
                "type": "git",
                "url": "https://github.com/Gregwar/Captcha.git",
                "reference": "1240ab993ca713680573b2d4166900da5f758623"
            },
            "dist": {
                "type": "zip",
                "url": "https://packagist.phpcomposer.com/files/Gregwar/Captcha/1240ab993ca713680573b2d4166900da5f758623.zip",
                "reference": "1240ab993ca713680573b2d4166900da5f758623",
                "shasum": ""
            },
            "require": {
                "ext-gd": "*",
                "php": ">=5.3.0"
            },
            "type": "captcha",
            "autoload": {
                "psr-4": {
                    "Gregwar\\Captcha\\": "/"
                }
            },
            "notification-url": "https://packagist.org/downloads/",
            "license": [
                "MIT"
            ],
            "authors": [
                {
                    "name": "Grégoire Passault",
                    "email": "g.passault@gmail.com",
                    "homepage": "http://www.gregwar.com/"
                },
                {
                    "name": "Jeremy Livingston",
                    "email": "jeremy.j.livingston@gmail.com"
                }
            ],
            "description": "Captcha generator",
            "homepage": "https://github.com/Gregwar/Captcha",
            "keywords": [
                "bot",
                "captcha",
                "spam"
            ],
            "time": "2015-09-11 15:23:20"
        },
        {
            "name": "symfony/options-resolver",
            "version": "v3.1.3",
            "source": {
                "type": "git",
                "url": "https://github.com/symfony/options-resolver.git",
                "reference": "30605874d99af0cde6c41fd39e18546330c38100"
            },
            "dist": {
                "type": "zip",
                "url": "https://packagist.phpcomposer.com/files/symfony/options-resolver/30605874d99af0cde6c41fd39e18546330c38100.zip",
                "reference": "30605874d99af0cde6c41fd39e18546330c38100",
                "shasum": ""
            },
            "require": {
                "php": ">=5.5.9"
            },
            "type": "library",
            "extra": {
                "branch-alias": {
                    "dev-master": "3.1-dev"
                }
            },
            "autoload": {
                "psr-4": {
                    "Symfony\\Component\\OptionsResolver\\": ""
                },
                "exclude-from-classmap": [
                    "/Tests/"
                ]
            },
            "notification-url": "https://packagist.org/downloads/",
            "license": [
                "MIT"
            ],
            "authors": [
                {
                    "name": "Fabien Potencier",
                    "email": "fabien@symfony.com"
                },
                {
                    "name": "Symfony Community",
                    "homepage": "https://symfony.com/contributors"
                }
            ],
            "description": "Symfony OptionsResolver Component",
            "homepage": "https://symfony.com",
            "keywords": [
                "config",
                "configuration",
                "options"
            ],
            "time": "2016-05-12 15:59:27"
        },
        {
            "name": "xiaohigh/curl",
            "version": "1.0",
            "source": {
                "type": "git",
                "url": "https://github.com/xiaohigh/curl.git",
                "reference": "b30a20c5909a3bcbbe1195ad449505a122a4456c"
            },
            "dist": {
                "type": "zip",
                "url": "https://packagist.phpcomposer.com/files/xiaohigh/curl/b30a20c5909a3bcbbe1195ad449505a122a4456c.zip",
                "reference": "b30a20c5909a3bcbbe1195ad449505a122a4456c",
                "shasum": ""
            },
            "type": "library",
            "autoload": {
                "psr-4": {
                    "xiaohigh\\": "./src"
                }
            },
            "notification-url": "https://packagist.org/downloads/",
            "license": [
                "MIT"
            ],
            "authors": [
                {
                    "name": "xiaohigh",
                    "email": "xiaohigh@163.com"
                }
            ],
            "description": "封装好的一个curl类,用来在php脚本中,发送get请求和post请求",
            "time": "2016-07-24 13:07:46"
        },
        {
            "name": "xiaohigh/pscws4",
            "version": "v1.0",
            "source": {
                "type": "git",
                "url": "https://github.com/xiaohigh/pscws4.git",
                "reference": "ee276603a59b792cc26e752fbdc0f06c8a131987"
            },
            "dist": {
                "type": "zip",
                "url": "https://packagist.phpcomposer.com/files/xiaohigh/pscws4/ee276603a59b792cc26e752fbdc0f06c8a131987.zip",
                "reference": "ee276603a59b792cc26e752fbdc0f06c8a131987",
                "shasum": ""
            },
            "require": {
                "php": ">=5.6.5"
            },
            "type": "library",
            "autoload": {
                "psr-4": {
                    "xiaohigh\\Pscws4\\": "./src"
                },
                "files": [
                    "./src/pscws4.class.php",
                    "./src/xdb_r.class.php"
                ]
            },
            "notification-url": "https://packagist.org/downloads/",
            "authors": [
                {
                    "name": "xiaohigh",
                    "email": "xiaohigh@163.com"
                }
            ],
            "description": "借助开源免费分词系统pscws4,实现一个简单的php分词类文件,方便进行中文分词",
            "time": "2016-07-17 13:42:28"
        }
    ],
    "packages-dev": [],
    "aliases": [],
    "minimum-stability": "stable",
    "stability-flags": [],
    "prefer-stable": false,
    "prefer-lowest": false,
    "platform": [],
    "platform-dev": []
}
